<?xml version="1.0" encoding="utf-8"?>
<Project ToolsVersion="4.0" xmlns="http://schemas.microsoft.com/developer/msbuild/2003">
  <ItemGroup>
    <Filter Include="Source Files">
      <UniqueIdentifier>{4FC737F1-C7A5-4376-A066-2A32D752A2FF}</UniqueIdentifier>
      <Extensions>cpp;c;cc;cxx;def;odl;idl;hpj;bat;asm;asmx</Extensions>
    </Filter>
    <Filter Include="Header Files">
      <UniqueIdentifier>{93995380-89BD-4b04-88EB-625FBE52EBFB}</UniqueIdentifier>
      <Extensions>h;hh;hpp;hxx;hm;inl;inc;xsd</Extensions>
    </Filter>
    <Filter Include="Resource Files">
      <UniqueIdentifier>{67DA6AB6-F800-4c08-8B7A-83BB121AAD01}</UniqueIdentifier>
      <Extensions>qrc;rc;ico;cur;bmp;dlg;rc2;rct;bin;rgs;gif;jpg;jpeg;jpe;resx;tiff;tif;png;wav;mfcribbon-ms</Extensions>
    </Filter>
    <Filter Include="Form Files">
      <UniqueIdentifier>{99349809-55BA-4b9d-BF79-8FDBB0286EB3}</UniqueIdentifier>
      <Extensions>ui</Extensions>
    </Filter>
    <Filter Include="Translation Files">
      <UniqueIdentifier>{639EADAA-A684-42e4-A9AD-28FC9BCB8F7C}</UniqueIdentifier>
      <Extensions>ts</Extensions>
    </Filter>
    <Filter Include="Resource Files\shader">
      <UniqueIdentifier>{451ac87d-283e-43f6-96ef-1a7041e58124}</UniqueIdentifier>
    </Filter>
    <Filter Include="Header Files\mesh">
      <UniqueIdentifier>{62c5b81b-826b-4814-8033-f39948c1b04c}</UniqueIdentifier>
    </Filter>
    <Filter Include="Header Files\face_detect">
      <UniqueIdentifier>{b0f045f5-e4ad-4062-b582-bb16488fb0d9}</UniqueIdentifier>
    </Filter>
    <Filter Include="Header Files\utils">
      <UniqueIdentifier>{e46a2a3b-721d-49cd-ad18-56bba5416b2f}</UniqueIdentifier>
    </Filter>
    <Filter Include="Source Files\mesh">
      <UniqueIdentifier>{fe968d1b-6417-40ed-bd58-12da7f1b0a6d}</UniqueIdentifier>
    </Filter>
    <Filter Include="Source Files\utils">
      <UniqueIdentifier>{9e15ec33-666b-4120-bcea-34dd3a21edc5}</UniqueIdentifier>
    </Filter>
    <Filter Include="Source Files\face_detect">
      <UniqueIdentifier>{8d02dae0-06a6-45d2-ba1e-c17ad58833a4}</UniqueIdentifier>
    </Filter>
  </ItemGroup>
  <ItemGroup>
    <QtRcc Include="dfwapcp.qrc">
      <Filter>Resource Files</Filter>
    </QtRcc>
    <QtMoc Include="dfwapcp.h">
      <Filter>Header Files</Filter>
    </QtMoc>
    <ClCompile Include="dfwapcp.cpp">
      <Filter>Source Files</Filter>
    </ClCompile>
  </ItemGroup>
  <ItemGroup>
    <ClCompile Include="main.cpp">
      <Filter>Source Files</Filter>
    </ClCompile>
    <ClCompile Include="openglcanvas.cpp">
      <Filter>Source Files</Filter>
    </ClCompile>
    <ClCompile Include="chronos.cpp">
      <Filter>Source Files</Filter>
    </ClCompile>
    <ClCompile Include="mesh_2d.cpp">
      <Filter>Source Files\mesh</Filter>
    </ClCompile>
    <ClCompile Include="mesh_grid.cpp">
      <Filter>Source Files\mesh</Filter>
    </ClCompile>
    <ClCompile Include="face_detect.cpp">
      <Filter>Source Files\face_detect</Filter>
    </ClCompile>
    <ClCompile Include="exif.cpp">
      <Filter>Source Files\utils</Filter>
    </ClCompile>
    <ClCompile Include="blending.cpp">
      <Filter>Source Files\utils</Filter>
    </ClCompile>
    <ClCompile Include="demo.cpp">
      <Filter>Source Files\utils</Filter>
    </ClCompile>
  </ItemGroup>
  <ItemGroup>
    <QtUic Include="dfwapcp.ui">
      <Filter>Form Files</Filter>
    </QtUic>
  </ItemGroup>
  <ItemGroup>
    <ClInclude Include="x64\Debug\uic\ui_dfwapcp.h">
      <Filter>Header Files</Filter>
    </ClInclude>
    <ClInclude Include="mesh_2d.h">
      <Filter>Header Files\mesh</Filter>
    </ClInclude>
    <ClInclude Include="mesh_grid.h">
      <Filter>Header Files\mesh</Filter>
    </ClInclude>
    <ClInclude Include="face_detect.h">
      <Filter>Header Files\face_detect</Filter>
    </ClInclude>
    <ClInclude Include="configure.h">
      <Filter>Header Files\utils</Filter>
    </ClInclude>
    <ClInclude Include="chronos.h">
      <Filter>Header Files\utils</Filter>
    </ClInclude>
    <ClInclude Include="stb_image.h">
      <Filter>Header Files\utils</Filter>
    </ClInclude>
    <ClInclude Include="files.h">
      <Filter>Header Files\utils</Filter>
    </ClInclude>
    <ClInclude Include="exif.h">
      <Filter>Header Files\utils</Filter>
    </ClInclude>
  </ItemGroup>
  <ItemGroup>
    <None Include="README.md">
      <Filter>Resource Files</Filter>
    </None>
    <None Include=".gitignore">
      <Filter>Resource Files</Filter>
    </None>
    <None Include="shaders\fragment_shader.frag">
      <Filter>Resource Files\shader</Filter>
    </None>
    <None Include="shaders\vertex_shader.vert">
      <Filter>Resource Files\shader</Filter>
    </None>
  </ItemGroup>
  <ItemGroup>
    <QtMoc Include="openglcanvas.h">
      <Filter>Header Files</Filter>
    </QtMoc>
  </ItemGroup>
</Project>